
Microsoft Visual Studio Solution File, Format Version 12.00
# Visual Studio 15
VisualStudioVersion = 15.0.28307.329
MinimumVisualStudioVersion = 10.0.40219.1
Project("{9A19103F-16F7-4668-BE54-9A1E7A4F7556}") = "coreHotelRoomBookingAdminPortal", "coreHotelRoomBookingAdminPortal\coreHotelRoomBookingAdminPortal.csproj", "{14A741DB-C6A1-4964-87B4-C078F45BB405}"
EndProject
Project("{9A19103F-16F7-4668-BE54-9A1E7A4F7556}") = "coreHotelRoomBookingUserPanel", "coreHotelRoomBookingUserPanel\coreHotelRoomBookingUserPanel.csproj", "{48D70404-53D9-4472-85C9-5754D08587FE}"
EndProject
Project("{9A19103F-16F7-4668-BE54-9A1E7A4F7556}") = "HotelRoomBookingAPI", "HotelRoomBookingAPI\HotelRoomBookingAPI.csproj", "{569CFB3F-6E3B-4A6E-A00B-C7E054014589}"
EndProject
Project("{FAE04EC0-301F-11D3-BF4B-00C04F79EFBC}") = "coreHotelRoomBooking.Tests", "coreHotelRoomBooking.Tests\coreHotelRoomBooking.Tests.csproj", "{5CBA319C-D381-4D99-8901-8DC2F1AA3819}"
EndProject
Global
	GlobalSection(SolutionConfigurationPlatforms) = preSolution
		Debug|Any CPU = Debug|Any CPU
		Release|Any CPU = Release|Any CPU
	EndGlobalSection
	GlobalSection(ProjectConfigurationPlatforms) = postSolution
		{14A741DB-C6A1-4964-87B4-C078F45BB405}.Debug|Any CPU.ActiveCfg = Debug|Any CPU
		{14A741DB-C6A1-4964-87B4-C078F45BB405}.Debug|Any CPU.Build.0 = Debug|Any CPU
		{14A741DB-C6A1-4964-87B4-C078F45BB405}.Release|Any CPU.ActiveCfg = Release|Any CPU
		{14A741DB-C6A1-4964-87B4-C078F45BB405}.Release|Any CPU.Build.0 = Release|Any CPU
		{48D70404-53D9-4472-85C9-5754D08587FE}.Debug|Any CPU.ActiveCfg = Debug|Any CPU
		{48D70404-53D9-4472-85C9-5754D08587FE}.Debug|Any CPU.Build.0 = Debug|Any CPU
		{48D70404-53D9-4472-85C9-5754D08587FE}.Release|Any CPU.ActiveCfg = Release|Any CPU
		{48D70404-53D9-4472-85C9-5754D08587FE}.Release|Any CPU.Build.0 = Release|Any CPU
		{569CFB3F-6E3B-4A6E-A00B-C7E054014589}.Debug|Any CPU.ActiveCfg = Debug|Any CPU
		{569CFB3F-6E3B-4A6E-A00B-C7E054014589}.Debug|Any CPU.Build.0 = Debug|Any CPU
		{569CFB3F-6E3B-4A6E-A00B-C7E054014589}.Release|Any CPU.ActiveCfg = Release|Any CPU
		{569CFB3F-6E3B-4A6E-A00B-C7E054014589}.Release|Any CPU.Build.0 = Release|Any CPU
		{5CBA319C-D381-4D99-8901-8DC2F1AA3819}.Debug|Any CPU.ActiveCfg = Debug|Any CPU
		{5CBA319C-D381-4D99-8901-8DC2F1AA3819}.Debug|Any CPU.Build.0 = Debug|Any CPU
		{5CBA319C-D381-4D99-8901-8DC2F1AA3819}.Release|Any CPU.ActiveCfg = Release|Any CPU
		{5CBA319C-D381-4D99-8901-8DC2F1AA3819}.Release|Any CPU.Build.0 = Release|Any CPU
	EndGlobalSection
	GlobalSection(SolutionProperties) = preSolution
		HideSolutionNode = FALSE
	EndGlobalSection
	GlobalSection(ExtensibilityGlobals) = postSolution
		SolutionGuid = {C1B92950-9E2D-4CE4-94B8-5B13F60FF68B}
	EndGlobalSection
EndGlobal
